
Microsoft Visual Studio Solution File, Format Version 12.00
# Visual Studio Version 17
VisualStudioVersion = 17.5.33516.290
MinimumVisualStudioVersion = 10.0.40219.1
Project("{8BC9CEB8-8B4A-11D0-8D11-00A0C91BC942}") = "1253", "1253\1253.vcxproj", "{45CB0CFF-75E3-464E-B306-EF70A68C4620}"
EndProject
Global
	GlobalSection(SolutionConfigurationPlatforms) = preSolution
		Debug|x64 = Debug|x64
		Debug|x86 = Debug|x86
		Release|x64 = Release|x64
		Release|x86 = Release|x86
	EndGlobalSection
	GlobalSection(ProjectConfigurationPlatforms) = postSolution
		{45CB0CFF-75E3-464E-B306-EF70A68C4620}.Debug|x64.ActiveCfg = Debug|x64
		{45CB0CFF-75E3-464E-B306-EF70A68C4620}.Debug|x64.Build.0 = Debug|x64
		{45CB0CFF-75E3-464E-B306-EF70A68C4620}.Debug|x86.ActiveCfg = Debug|Win32
		{45CB0CFF-75E3-464E-B306-EF70A68C4620}.Debug|x86.Build.0 = Debug|Win32
		{45CB0CFF-75E3-464E-B306-EF70A68C4620}.Release|x64.ActiveCfg = Release|x64
		{45CB0CFF-75E3-464E-B306-EF70A68C4620}.Release|x64.Build.0 = Release|x64
		{45CB0CFF-75E3-464E-B306-EF70A68C4620}.Release|x86.ActiveCfg = Release|Win32
		{45CB0CFF-75E3-464E-B306-EF70A68C4620}.Release|x86.Build.0 = Release|Win32
	EndGlobalSection
	GlobalSection(SolutionProperties) = preSolution
		HideSolutionNode = FALSE
	EndGlobalSection
	GlobalSection(ExtensibilityGlobals) = postSolution
		SolutionGuid = {D07E16EC-952D-48F5-B3C3-7BE360E17D05}
	EndGlobalSection
EndGlobal
