
Microsoft Visual Studio Solution File, Format Version 12.00
# Visual Studio Version 17
VisualStudioVersion = 17.5.33627.172
MinimumVisualStudioVersion = 10.0.40219.1
Project("{8BC9CEB8-8B4A-11D0-8D11-00A0C91BC942}") = "1377", "1377\1377.vcxproj", "{F4DDA45A-3883-48E2-8849-F9A51D80FAAC}"
EndProject
Global
	GlobalSection(SolutionConfigurationPlatforms) = preSolution
		Debug|x64 = Debug|x64
		Debug|x86 = Debug|x86
		Release|x64 = Release|x64
		Release|x86 = Release|x86
	EndGlobalSection
	GlobalSection(ProjectConfigurationPlatforms) = postSolution
		{F4DDA45A-3883-48E2-8849-F9A51D80FAAC}.Debug|x64.ActiveCfg = Debug|x64
		{F4DDA45A-3883-48E2-8849-F9A51D80FAAC}.Debug|x64.Build.0 = Debug|x64
		{F4DDA45A-3883-48E2-8849-F9A51D80FAAC}.Debug|x86.ActiveCfg = Debug|Win32
		{F4DDA45A-3883-48E2-8849-F9A51D80FAAC}.Debug|x86.Build.0 = Debug|Win32
		{F4DDA45A-3883-48E2-8849-F9A51D80FAAC}.Release|x64.ActiveCfg = Release|x64
		{F4DDA45A-3883-48E2-8849-F9A51D80FAAC}.Release|x64.Build.0 = Release|x64
		{F4DDA45A-3883-48E2-8849-F9A51D80FAAC}.Release|x86.ActiveCfg = Release|Win32
		{F4DDA45A-3883-48E2-8849-F9A51D80FAAC}.Release|x86.Build.0 = Release|Win32
	EndGlobalSection
	GlobalSection(SolutionProperties) = preSolution
		HideSolutionNode = FALSE
	EndGlobalSection
	GlobalSection(ExtensibilityGlobals) = postSolution
		SolutionGuid = {204ACEE0-380C-4701-96D0-3DEE76D36CE5}
	EndGlobalSection
EndGlobal
